# linux-aarch64; exported from validated G1 CPU image
@EXPLICIT
https://conda.anaconda.org/conda-forge/linux-aarch64/_openmp_mutex-4.5-20_gnu.conda#468fd3bb9e1f671d36c2cbc677e56f1d
https://conda.anaconda.org/conda-forge/linux-aarch64/ampl-asl-1.0.0-h5ad3122_2.conda#a6c6e88020e1f3f548022ba3d806c36d
https://conda.anaconda.org/conda-forge/linux-aarch64/assimp-5.4.2-h534c654_1.conda#2b5219c52509ccdca8c56006461cc1ca
https://conda.anaconda.org/conda-forge/linux-aarch64/bzip2-1.0.8-h4777abc_10.conda#fd544ef1c672d645bf78e5819cbb8f91
https://conda.anaconda.org/conda-forge/noarch/ca-certificates-2026.7.22-hbd8a1cb_0.conda#0f51e2391ade309db462a55611263e9c
https://conda.anaconda.org/conda-forge/linux-aarch64/casadi-3.6.7-py310hbc243a2_5.conda#a7905b77640bc5eb0958f4b07005bb2a
https://conda.anaconda.org/conda-forge/linux-aarch64/console_bridge-1.0.2-hdd96247_1.tar.bz2#87cedc27ed44d7bda9cb29a6294dfe04
https://conda.anaconda.org/conda-forge/linux-aarch64/eigen-5.0.1-hbf0d46f_3.conda#bf02e0dda7a674095dd6b2664475331b
https://conda.anaconda.org/conda-forge/linux-aarch64/eigenpy-3.8.0-py310hb746ec6_0.conda#00c1e8907ee2c51af1327f3ec5aecdc9
https://conda.anaconda.org/conda-forge/linux-aarch64/hpp-fcl-2.4.5-py310h5567555_2.conda#dae3b4a20437e3dca23912707fb20663
https://conda.anaconda.org/conda-forge/linux-aarch64/icu-75.1-hf9b3779_0.conda#268203e8b983fddb6412b36f2024e75c
https://conda.anaconda.org/conda-forge/linux-aarch64/ipopt-3.14.17-h06296af_2.conda#ab224feb1cea283cfc93d70c271264a9
https://conda.anaconda.org/conda-forge/linux-aarch64/ld_impl_linux-aarch64-2.46.1-default_h1979696_102.conda#489444d0acb2a579d2a002d85a08c059
https://conda.anaconda.org/conda-forge/linux-aarch64/libblas-3.11.0-11_haddc8a3_openblas.conda#46b693d9864f4295c41dda12bc6b4d11
https://conda.anaconda.org/conda-forge/linux-aarch64/libblasfeo-0.1.4.3-h1dbf749_100.conda#1ceaafdc5c5e61ef82738875e101c2fc
https://conda.anaconda.org/conda-forge/linux-aarch64/libboost-1.86.0-h6339299_4.conda#a37b21976747c7451d4d60a14be014ae
https://conda.anaconda.org/conda-forge/linux-aarch64/libboost-devel-1.86.0-h37bb5a9_4.conda#6298edbeec4be981e9ecb4baa43a0291
https://conda.anaconda.org/conda-forge/linux-aarch64/libboost-headers-1.86.0-h8af1aa0_4.conda#26c7fca41dee63427d0441e85a2b3262
https://conda.anaconda.org/conda-forge/linux-aarch64/libboost-python-1.86.0-py310h8e23af9_4.conda#a63a8648a5347ca7aa7065fb032f74ab
https://conda.anaconda.org/conda-forge/linux-aarch64/libboost-python-devel-1.86.0-py310h4e94696_4.conda#ed90dacde64c9501ce4207fdc4c68d86
https://conda.anaconda.org/conda-forge/linux-aarch64/libcblas-3.11.0-11_hd72aa62_openblas.conda#01a77467520c703119b0d033cb4d005e
https://conda.anaconda.org/conda-forge/linux-aarch64/libexpat-2.8.1-hfae3067_1.conda#fac3b65a605cd253037fdf3daf2de8d9
https://conda.anaconda.org/conda-forge/linux-aarch64/libfatrop-0.0.4-h5ad3122_1.conda#c8ef0ab0d43c63bde7524e632e77f79f
https://conda.anaconda.org/conda-forge/linux-aarch64/libffi-3.7.0-hdaad0be_1.conda#f9e5b3e446b526b34a7e25ecec08efd9
https://conda.anaconda.org/conda-forge/linux-aarch64/libgcc-16.2.0-h205dda4_4.conda#2c81f8ce7bda35c7a88c4c044452a97c
https://conda.anaconda.org/conda-forge/linux-aarch64/libgcc-ng-16.2.0-he9431aa_4.conda#ad0ce2f7fb2e61219df1561115864483
https://conda.anaconda.org/conda-forge/linux-aarch64/libgfortran-16.2.0-he9431aa_4.conda#9370835617c4a9c7265fd34e92887bfa
https://conda.anaconda.org/conda-forge/linux-aarch64/libgfortran-ng-16.2.0-he9431aa_4.conda#2cb34ea32b52e9528a9e08640f8ad687
https://conda.anaconda.org/conda-forge/linux-aarch64/libgfortran5-16.2.0-hc864f27_4.conda#3d9b36e26eb91cec10459cf8d6e4dbb4
https://conda.anaconda.org/conda-forge/linux-aarch64/libgomp-16.2.0-h8acb6b2_4.conda#727c19b26cd43140e4a90a6f8f1cc31a
https://conda.anaconda.org/conda-forge/linux-aarch64/libhwloc-2.11.2-default_h6f258fa_1002.conda#a7770868b1ea7cac9835b465c794e3fb
https://conda.anaconda.org/conda-forge/linux-aarch64/libiconv-1.18-h1ea5142_3.conda#951b54a36388613a99820b33b997f690
https://conda.anaconda.org/conda-forge/linux-aarch64/liblapack-3.11.0-11_h88aeb00_openblas.conda#e170b416e08c18a9b8f9bd1591cb50b7
https://conda.anaconda.org/conda-forge/linux-aarch64/liblzma-5.8.3-he30d5cf_1.conda#e0e6411a60d00186eec7c73f4118ab67
https://conda.anaconda.org/conda-forge/linux-aarch64/liblzma-devel-5.8.3-he30d5cf_1.conda#ab7c85535f5924315a7528efeb2011a0
https://conda.anaconda.org/conda-forge/linux-aarch64/libnsl-2.0.1-h86ecc28_1.conda#d5d58b2dc3e57073fe22303f5fed4db7
https://conda.anaconda.org/conda-forge/linux-aarch64/libopenblas-0.3.34-pthreads_h4148b7d_2.conda#8cc0a91ba08fe51ecff1ca2e9049d685
https://conda.anaconda.org/conda-forge/linux-aarch64/libosqp-0.6.3-h5ad3122_1.conda#2620cfedf3f3d4722f4508cca423ecac
https://conda.anaconda.org/conda-forge/linux-aarch64/libqdldl-0.1.7-hd600fc2_0.conda#07140396b010c957bf75471ea7fcb858
https://conda.anaconda.org/conda-forge/linux-aarch64/libscotch-7.0.4-h68efd32_5.conda#c380544fd0ae43e1daf049fb90ab3d02
https://conda.anaconda.org/conda-forge/linux-aarch64/libspral-2025.03.06-h43eceae_0.conda#00cffa0ea38e2d6450015624bc32d3a1
https://conda.anaconda.org/conda-forge/linux-aarch64/libsqlite-3.53.4-hd26f1b6_1.conda#fe3ae5a9994da7be2d9929534c862882
https://conda.anaconda.org/conda-forge/linux-aarch64/libstdcxx-16.2.0-hef695bb_4.conda#47b6b37e291c14f39bd95f9d340c45f5
https://conda.anaconda.org/conda-forge/linux-aarch64/libstdcxx-ng-16.2.0-hdbbeba8_4.conda#8d6c3e6616f4e25d05684fbd50c39885
https://conda.anaconda.org/conda-forge/linux-aarch64/libuuid-2.42.3-hd6fdeab_0.conda#b759892402ee563731fbbb43860cae00
https://conda.anaconda.org/conda-forge/linux-aarch64/libxcrypt-4.4.38-h80f16a2_0.conda#b1a5cb7ff2d8f5911ba1fb6897176098
https://conda.anaconda.org/conda-forge/linux-aarch64/libxml2-2.13.9-he58860d_0.conda#1e22b9412f9cb2eb7e5a65dd9475534a
https://conda.anaconda.org/conda-forge/linux-aarch64/libzlib-1.3.2-hdc9db2a_3.conda#bd534c2fbe56d8c2ea3b2d8f5e12bca8
https://conda.anaconda.org/conda-forge/linux-aarch64/metis-5.1.0-h670dfbf_1007.conda#e6672417b63f335358d90f5ba939c4ab
https://conda.anaconda.org/conda-forge/linux-aarch64/mumps-include-5.7.3-habe6132_10.conda#417783062f6008a1340787d5242bea25
https://conda.anaconda.org/conda-forge/linux-aarch64/mumps-seq-5.7.3-h0922659_0.conda#f9dcb2eefacbefd7a545797d7886d35c
https://conda.anaconda.org/conda-forge/linux-aarch64/ncurses-6.6-h2b6f883_1.conda#c3b4349171ca987ff33a1de61f7b3f96
https://conda.anaconda.org/conda-forge/linux-aarch64/numpy-1.26.4-py310hcbab775_0.conda#2cb108b5220653a4024a029e60cf2c66
https://conda.anaconda.org/conda-forge/linux-aarch64/octomap-1.9.8-hdd96247_0.tar.bz2#180a3a7f85f71f05315dc94301aee546
https://conda.anaconda.org/conda-forge/linux-aarch64/openssl-3.6.4-he6ad1d5_0.conda#4aa504e081d16263e90c335df5499b4d
https://conda.anaconda.org/conda-forge/noarch/packaging-26.3-pyhc364b38_0.conda#936687ed80f295a1f5dbcf8bd34c252c
https://conda.anaconda.org/conda-forge/linux-aarch64/pinocchio-3.1.0-py310h7004391_2.conda#32516204ca9cf66558701f4b54f3e9c7
https://conda.anaconda.org/conda-forge/noarch/pip-26.2.1-pyh8b19718_0.conda#77b6cf3b0689d9fc68561df0db9b856d
https://conda.anaconda.org/conda-forge/linux-aarch64/proxsuite-0.7.3-py310h0992a49_0.conda#306c7d522c70820b4589012c8d9b233c
https://conda.anaconda.org/conda-forge/linux-aarch64/python-3.10.21-h4f76b5d_0_cpython.conda#2040f43a53822d876d9fc89ef5bbcc99
https://conda.anaconda.org/conda-forge/noarch/python_abi-3.10-9_cp310.conda#3bb52811c66f1f07377537cc82ccb093
https://conda.anaconda.org/conda-forge/linux-aarch64/qhull-2020.2-h70be974_5.conda#bb138086d938e2b64f5f364945793ebf
https://conda.anaconda.org/conda-forge/linux-aarch64/qhull-static-2020.2-h70be974_5.conda#0a0b7ff512c981586c6275171820ac2d
https://conda.anaconda.org/conda-forge/linux-aarch64/readline-8.3-ha7194a6_1.conda#5b399a7afa10098f2a6b02263181426e
https://conda.anaconda.org/conda-forge/linux-aarch64/scipy-1.15.2-py310hf37559f_0.conda#5c9b72f10d2118d943a5eaaf2f396891
https://conda.anaconda.org/conda-forge/noarch/setuptools-84.0.0-pyh332efcf_0.conda#62ac906f1cd582c6c264c95625cb9d6f
https://conda.anaconda.org/conda-forge/linux-aarch64/simde-0.8.2-h17cf362_0.conda#931529bca35b7ab540cf0254787d4967
https://conda.anaconda.org/conda-forge/linux-aarch64/tinyxml2-10.0.0-h5ad3122_2.conda#64be65c7bc62c827ed74282b1400c217
https://conda.anaconda.org/conda-forge/linux-aarch64/tk-8.6.13-noxft_hf03c496_4.conda#ebaded4b4b74c2cc43a754ded4eed76f
https://conda.anaconda.org/conda-forge/noarch/tzdata-2026c-h151e31d_0.conda#fcb489df604d100968b737f2cb6076c6
https://conda.anaconda.org/conda-forge/linux-aarch64/urdfdom-4.0.1-h4cba3dc_2.conda#ba8be59eb290db52d8847f3e9cf23286
https://conda.anaconda.org/conda-forge/linux-aarch64/urdfdom_headers-1.1.2-h17cf362_0.conda#6f24f2d3af565b2203a4479ad1b7f7e7
https://conda.anaconda.org/conda-forge/noarch/wheel-0.48.0-pyhd8ed1ab_0.conda#9a2124517bfd5d792e0f7b86eefdfeb8
https://conda.anaconda.org/conda-forge/linux-aarch64/xz-5.8.3-hd704e39_1.conda#96a51f4137a543fd14fe96e1e560a5ac
https://conda.anaconda.org/conda-forge/linux-aarch64/xz-gpl-tools-5.8.3-hd704e39_1.conda#6543af33661ff21061b6db52c84a86fa
https://conda.anaconda.org/conda-forge/linux-aarch64/xz-tools-5.8.3-he30d5cf_1.conda#7c211f37ed725871ce3043090d5addd8
https://conda.anaconda.org/conda-forge/linux-aarch64/zlib-1.3.2-hdc9db2a_3.conda#254c54ac18eca7bf4f865e661306dc43
https://conda.anaconda.org/conda-forge/linux-aarch64/zstd-1.5.7-h9d15635_7.conda#d942e34ac3920ba83f8b2d0169570187
